
Microsoft Visual Studio Solution File, Format Version 10.00
# Visual Studio 2008
Project("{FAE04EC0-301F-11D3-BF4B-00C04F79EFBC}") = "SULibrary", "SULibrary\SULibrary.csproj", "{B9A06F2B-FA95-46ED-930F-F4EE5DDD6BD4}"
EndProject
Project("{FAE04EC0-301F-11D3-BF4B-00C04F79EFBC}") = "AppForTest", "AppForTest\AppForTest.csproj", "{BBF6662B-F141-440D-8AF9-67822AC90D82}"
EndProject
Project("{2150E333-8FDC-42A3-9474-1A3956D46DE8}") = "TestApps", "TestApps", "{BA24059A-0B2E-4C9D-907A-717225AFF7A3}"
EndProject
Project("{FAE04EC0-301F-11D3-BF4B-00C04F79EFBC}") = "TestModule", "TestModule\TestModule.csproj", "{0BAAE149-0939-40F2-A398-0FCED0DF83F4}"
EndProject
Project("{FAE04EC0-301F-11D3-BF4B-00C04F79EFBC}") = "SUCore.Modules", "SUCore.Modules\SUCore.Modules.csproj", "{BD1F8209-E0EB-45D2-AD32-E2C21A3D37CE}"
EndProject
Project("{FAE04EC0-301F-11D3-BF4B-00C04F79EFBC}") = "SUCore.PlowMachine", "SUCore.PlowMachine\SUCore.PlowMachine.csproj", "{370FB8E2-E704-47BB-8FC9-5FF1AA1478DE}"
EndProject
Project("{FAE04EC0-301F-11D3-BF4B-00C04F79EFBC}") = "SUCore.Metadata", "SUCore.Metadata\SUCore.Metadata.csproj", "{3463C691-02C0-4E6E-98C1-196CC4CA0184}"
EndProject
Project("{FAE04EC0-301F-11D3-BF4B-00C04F79EFBC}") = "SUCore", "SUCore\SUCore.csproj", "{9C0CF876-4D34-47F0-9452-37743ABD259D}"
EndProject
Project("{FAE04EC0-301F-11D3-BF4B-00C04F79EFBC}") = "SUCore.Computing", "SUCore.Computing\SUCore.Computing.csproj", "{327E8F69-6432-41EA-88A3-912115DEDD6A}"
EndProject
Project("{FAE04EC0-301F-11D3-BF4B-00C04F79EFBC}") = "ImportTableTool", "ImportTableTool\ImportTableTool.csproj", "{B8C32F55-6309-4AAF-8CD9-3DBC5D2CAAE5}"
EndProject
Project("{2150E333-8FDC-42A3-9474-1A3956D46DE8}") = "Tools", "Tools", "{73C64FED-3399-43BC-98FE-36BEA72FF31D}"
EndProject
Project("{2150E333-8FDC-42A3-9474-1A3956D46DE8}") = "Core", "Core", "{8CF0D327-AB3B-45F6-BA20-0C64F9D2957C}"
EndProject
Project("{2150E333-8FDC-42A3-9474-1A3956D46DE8}") = "UI", "UI", "{A9D3740F-5DF9-4591-A5A8-E1C19682C11C}"
EndProject
Project("{2150E333-8FDC-42A3-9474-1A3956D46DE8}") = "Presentation", "Presentation", "{9CBA0AE9-85EF-4F8C-A769-2D216E66E596}"
EndProject
Project("{FAE04EC0-301F-11D3-BF4B-00C04F79EFBC}") = "SUPresentation", "SUPresentation\SUPresentation.csproj", "{2E0900C9-E2C4-47BD-B8EF-FB04A78F730D}"
EndProject
Project("{FAE04EC0-301F-11D3-BF4B-00C04F79EFBC}") = "Su", "Su\Su.csproj", "{DA586FF5-AC28-4DF2-95EE-5C5D6E767CE5}"
EndProject
Project("{2150E333-8FDC-42A3-9474-1A3956D46DE8}") = "Library", "Library", "{66529F01-DE11-4E7B-9F4E-DE7C70FCD504}"
EndProject
Project("{2150E333-8FDC-42A3-9474-1A3956D46DE8}") = "Custom Plugins", "Custom Plugins", "{51A6AF1D-0B82-4C41-BC9B-28784A73815C}"
EndProject
Project("{FAE04EC0-301F-11D3-BF4B-00C04F79EFBC}") = "Vysota", "Custom Plugins\Vysota\Vysota\Vysota.csproj", "{B3D1A108-C413-43DC-89D6-2D30E1C6C522}"
EndProject
Project("{FAE04EC0-301F-11D3-BF4B-00C04F79EFBC}") = "Tolshina", "Custom Plugins\Tolshina\Tolshina\Tolshina.csproj", "{32ED3C43-8A9F-4759-BE6A-93ED11884D20}"
EndProject
Project("{FAE04EC0-301F-11D3-BF4B-00C04F79EFBC}") = "mod_9", "Custom Plugins\mod_9\mod_9\mod_9.csproj", "{7D6636D4-8C07-4F6F-8908-47176C579238}"
EndProject
Project("{FAE04EC0-301F-11D3-BF4B-00C04F79EFBC}") = "naklon_tyag_usil", "Custom Plugins\mod_8\naklon_tyag_usil\naklon_tyag_usil\naklon_tyag_usil.csproj", "{7608D69B-62ED-4C3E-B149-D50484D5278F}"
EndProject
Project("{FAE04EC0-301F-11D3-BF4B-00C04F79EFBC}") = "proizvod", "Custom Plugins\mod_7\proizvod\proizvod\proizvod.csproj", "{40803F4D-0F20-4F40-B4B2-57A2CD9C1739}"
EndProject
Project("{FAE04EC0-301F-11D3-BF4B-00C04F79EFBC}") = "Mod_6", "Custom Plugins\mod_6\Mod_6\Mod_6\Mod_6.csproj", "{36DD0AB7-79D1-4695-839F-3EBC999AA463}"
EndProject
Project("{FAE04EC0-301F-11D3-BF4B-00C04F79EFBC}") = "tyag_usil", "Custom Plugins\mod_5\tyag_usil\tyag_usil\tyag_usil.csproj", "{2C87BFBE-8745-48C4-BD65-71E6FA37D45A}"
EndProject
Project("{FAE04EC0-301F-11D3-BF4B-00C04F79EFBC}") = "gruz", "Custom Plugins\mod_4\gruz\gruz\gruz.csproj", "{9954368C-4C1E-4C21-AE56-A28905315A2E}"
EndProject
Project("{FAE04EC0-301F-11D3-BF4B-00C04F79EFBC}") = "rez_sila", "Custom Plugins\mod_3\rez_sila\rez_sila\rez_sila.csproj", "{E5D53BFF-29D7-4BA9-9C21-5BEB4082DB97}"
EndProject
Project("{2150E333-8FDC-42A3-9474-1A3956D46DE8}") = "Installation", "Installation", "{F3B8E485-5EF7-4972-AECD-018A1A29A833}"
EndProject
Project("{54435603-DBB4-11D2-8724-00A0C9A8B90C}") = "Su", "Installation\Su\Su.vdproj", "{009A80F1-43EA-49AD-B184-27B0902B284A}"
EndProject
Project("{FAE04EC0-301F-11D3-BF4B-00C04F79EFBC}") = "InstallDatabaselAction", "Installation\InstallDatabaselAction\InstallDatabaselAction.csproj", "{40CAD3CB-B710-40ED-82D4-7ACC6D8447A4}"
EndProject
Project("{FAE04EC0-301F-11D3-BF4B-00C04F79EFBC}") = "graphic_expression", "Custom Plugins\graphic_expression\graphic_expression.csproj", "{BF22CD09-06D9-4A66-B4CF-193037C39C09}"
EndProject
Project("{FAE04EC0-301F-11D3-BF4B-00C04F79EFBC}") = "NewModule", "NewModule\NewModule.csproj", "{EE556F61-3BF8-4F59-80BE-A396A70A76A1}"
EndProject
Project("{FAE04EC0-301F-11D3-BF4B-00C04F79EFBC}") = "Su.Modes", "Modes\Su.Modes.csproj", "{448CCC78-9DD1-4F7F-8DDE-A6590A2A9063}"
EndProject
Global
	GlobalSection(SolutionConfigurationPlatforms) = preSolution
		Debug|Any CPU = Debug|Any CPU
		Release|Any CPU = Release|Any CPU
	EndGlobalSection
	GlobalSection(ProjectConfigurationPlatforms) = postSolution
		{B9A06F2B-FA95-46ED-930F-F4EE5DDD6BD4}.Debug|Any CPU.ActiveCfg = Debug|Any CPU
		{B9A06F2B-FA95-46ED-930F-F4EE5DDD6BD4}.Debug|Any CPU.Build.0 = Debug|Any CPU
		{B9A06F2B-FA95-46ED-930F-F4EE5DDD6BD4}.Release|Any CPU.ActiveCfg = Release|Any CPU
		{B9A06F2B-FA95-46ED-930F-F4EE5DDD6BD4}.Release|Any CPU.Build.0 = Release|Any CPU
		{BBF6662B-F141-440D-8AF9-67822AC90D82}.Debug|Any CPU.ActiveCfg = Debug|Any CPU
		{BBF6662B-F141-440D-8AF9-67822AC90D82}.Debug|Any CPU.Build.0 = Debug|Any CPU
		{BBF6662B-F141-440D-8AF9-67822AC90D82}.Release|Any CPU.ActiveCfg = Release|Any CPU
		{BBF6662B-F141-440D-8AF9-67822AC90D82}.Release|Any CPU.Build.0 = Release|Any CPU
		{0BAAE149-0939-40F2-A398-0FCED0DF83F4}.Debug|Any CPU.ActiveCfg = Debug|Any CPU
		{0BAAE149-0939-40F2-A398-0FCED0DF83F4}.Debug|Any CPU.Build.0 = Debug|Any CPU
		{0BAAE149-0939-40F2-A398-0FCED0DF83F4}.Release|Any CPU.ActiveCfg = Release|Any CPU
		{0BAAE149-0939-40F2-A398-0FCED0DF83F4}.Release|Any CPU.Build.0 = Release|Any CPU
		{BD1F8209-E0EB-45D2-AD32-E2C21A3D37CE}.Debug|Any CPU.ActiveCfg = Debug|Any CPU
		{BD1F8209-E0EB-45D2-AD32-E2C21A3D37CE}.Debug|Any CPU.Build.0 = Debug|Any CPU
		{BD1F8209-E0EB-45D2-AD32-E2C21A3D37CE}.Release|Any CPU.ActiveCfg = Release|Any CPU
		{BD1F8209-E0EB-45D2-AD32-E2C21A3D37CE}.Release|Any CPU.Build.0 = Release|Any CPU
		{370FB8E2-E704-47BB-8FC9-5FF1AA1478DE}.Debug|Any CPU.ActiveCfg = Debug|Any CPU
		{370FB8E2-E704-47BB-8FC9-5FF1AA1478DE}.Debug|Any CPU.Build.0 = Debug|Any CPU
		{370FB8E2-E704-47BB-8FC9-5FF1AA1478DE}.Release|Any CPU.ActiveCfg = Release|Any CPU
		{370FB8E2-E704-47BB-8FC9-5FF1AA1478DE}.Release|Any CPU.Build.0 = Release|Any CPU
		{3463C691-02C0-4E6E-98C1-196CC4CA0184}.Debug|Any CPU.ActiveCfg = Debug|Any CPU
		{3463C691-02C0-4E6E-98C1-196CC4CA0184}.Debug|Any CPU.Build.0 = Debug|Any CPU
		{3463C691-02C0-4E6E-98C1-196CC4CA0184}.Release|Any CPU.ActiveCfg = Release|Any CPU
		{3463C691-02C0-4E6E-98C1-196CC4CA0184}.Release|Any CPU.Build.0 = Release|Any CPU
		{9C0CF876-4D34-47F0-9452-37743ABD259D}.Debug|Any CPU.ActiveCfg = Debug|Any CPU
		{9C0CF876-4D34-47F0-9452-37743ABD259D}.Debug|Any CPU.Build.0 = Debug|Any CPU
		{9C0CF876-4D34-47F0-9452-37743ABD259D}.Release|Any CPU.ActiveCfg = Release|Any CPU
		{9C0CF876-4D34-47F0-9452-37743ABD259D}.Release|Any CPU.Build.0 = Release|Any CPU
		{327E8F69-6432-41EA-88A3-912115DEDD6A}.Debug|Any CPU.ActiveCfg = Debug|Any CPU
		{327E8F69-6432-41EA-88A3-912115DEDD6A}.Debug|Any CPU.Build.0 = Debug|Any CPU
		{327E8F69-6432-41EA-88A3-912115DEDD6A}.Release|Any CPU.ActiveCfg = Release|Any CPU
		{327E8F69-6432-41EA-88A3-912115DEDD6A}.Release|Any CPU.Build.0 = Release|Any CPU
		{B8C32F55-6309-4AAF-8CD9-3DBC5D2CAAE5}.Debug|Any CPU.ActiveCfg = Debug|Any CPU
		{B8C32F55-6309-4AAF-8CD9-3DBC5D2CAAE5}.Debug|Any CPU.Build.0 = Debug|Any CPU
		{B8C32F55-6309-4AAF-8CD9-3DBC5D2CAAE5}.Release|Any CPU.ActiveCfg = Release|Any CPU
		{B8C32F55-6309-4AAF-8CD9-3DBC5D2CAAE5}.Release|Any CPU.Build.0 = Release|Any CPU
		{2E0900C9-E2C4-47BD-B8EF-FB04A78F730D}.Debug|Any CPU.ActiveCfg = Debug|Any CPU
		{2E0900C9-E2C4-47BD-B8EF-FB04A78F730D}.Debug|Any CPU.Build.0 = Debug|Any CPU
		{2E0900C9-E2C4-47BD-B8EF-FB04A78F730D}.Release|Any CPU.ActiveCfg = Release|Any CPU
		{2E0900C9-E2C4-47BD-B8EF-FB04A78F730D}.Release|Any CPU.Build.0 = Release|Any CPU
		{DA586FF5-AC28-4DF2-95EE-5C5D6E767CE5}.Debug|Any CPU.ActiveCfg = Debug|Any CPU
		{DA586FF5-AC28-4DF2-95EE-5C5D6E767CE5}.Debug|Any CPU.Build.0 = Debug|Any CPU
		{DA586FF5-AC28-4DF2-95EE-5C5D6E767CE5}.Release|Any CPU.ActiveCfg = Release|Any CPU
		{DA586FF5-AC28-4DF2-95EE-5C5D6E767CE5}.Release|Any CPU.Build.0 = Release|Any CPU
		{B3D1A108-C413-43DC-89D6-2D30E1C6C522}.Debug|Any CPU.ActiveCfg = Debug|Any CPU
		{B3D1A108-C413-43DC-89D6-2D30E1C6C522}.Debug|Any CPU.Build.0 = Debug|Any CPU
		{B3D1A108-C413-43DC-89D6-2D30E1C6C522}.Release|Any CPU.ActiveCfg = Release|Any CPU
		{B3D1A108-C413-43DC-89D6-2D30E1C6C522}.Release|Any CPU.Build.0 = Release|Any CPU
		{32ED3C43-8A9F-4759-BE6A-93ED11884D20}.Debug|Any CPU.ActiveCfg = Debug|Any CPU
		{32ED3C43-8A9F-4759-BE6A-93ED11884D20}.Debug|Any CPU.Build.0 = Debug|Any CPU
		{32ED3C43-8A9F-4759-BE6A-93ED11884D20}.Release|Any CPU.ActiveCfg = Release|Any CPU
		{32ED3C43-8A9F-4759-BE6A-93ED11884D20}.Release|Any CPU.Build.0 = Release|Any CPU
		{7D6636D4-8C07-4F6F-8908-47176C579238}.Debug|Any CPU.ActiveCfg = Debug|Any CPU
		{7D6636D4-8C07-4F6F-8908-47176C579238}.Debug|Any CPU.Build.0 = Debug|Any CPU
		{7D6636D4-8C07-4F6F-8908-47176C579238}.Release|Any CPU.ActiveCfg = Release|Any CPU
		{7D6636D4-8C07-4F6F-8908-47176C579238}.Release|Any CPU.Build.0 = Release|Any CPU
		{7608D69B-62ED-4C3E-B149-D50484D5278F}.Debug|Any CPU.ActiveCfg = Debug|Any CPU
		{7608D69B-62ED-4C3E-B149-D50484D5278F}.Debug|Any CPU.Build.0 = Debug|Any CPU
		{7608D69B-62ED-4C3E-B149-D50484D5278F}.Release|Any CPU.ActiveCfg = Release|Any CPU
		{7608D69B-62ED-4C3E-B149-D50484D5278F}.Release|Any CPU.Build.0 = Release|Any CPU
		{40803F4D-0F20-4F40-B4B2-57A2CD9C1739}.Debug|Any CPU.ActiveCfg = Debug|Any CPU
		{40803F4D-0F20-4F40-B4B2-57A2CD9C1739}.Debug|Any CPU.Build.0 = Debug|Any CPU
		{40803F4D-0F20-4F40-B4B2-57A2CD9C1739}.Release|Any CPU.ActiveCfg = Release|Any CPU
		{40803F4D-0F20-4F40-B4B2-57A2CD9C1739}.Release|Any CPU.Build.0 = Release|Any CPU
		{36DD0AB7-79D1-4695-839F-3EBC999AA463}.Debug|Any CPU.ActiveCfg = Debug|Any CPU
		{36DD0AB7-79D1-4695-839F-3EBC999AA463}.Debug|Any CPU.Build.0 = Debug|Any CPU
		{36DD0AB7-79D1-4695-839F-3EBC999AA463}.Release|Any CPU.ActiveCfg = Release|Any CPU
		{36DD0AB7-79D1-4695-839F-3EBC999AA463}.Release|Any CPU.Build.0 = Release|Any CPU
		{2C87BFBE-8745-48C4-BD65-71E6FA37D45A}.Debug|Any CPU.ActiveCfg = Debug|Any CPU
		{2C87BFBE-8745-48C4-BD65-71E6FA37D45A}.Debug|Any CPU.Build.0 = Debug|Any CPU
		{2C87BFBE-8745-48C4-BD65-71E6FA37D45A}.Release|Any CPU.ActiveCfg = Release|Any CPU
		{2C87BFBE-8745-48C4-BD65-71E6FA37D45A}.Release|Any CPU.Build.0 = Release|Any CPU
		{9954368C-4C1E-4C21-AE56-A28905315A2E}.Debug|Any CPU.ActiveCfg = Debug|Any CPU
		{9954368C-4C1E-4C21-AE56-A28905315A2E}.Debug|Any CPU.Build.0 = Debug|Any CPU
		{9954368C-4C1E-4C21-AE56-A28905315A2E}.Release|Any CPU.ActiveCfg = Release|Any CPU
		{9954368C-4C1E-4C21-AE56-A28905315A2E}.Release|Any CPU.Build.0 = Release|Any CPU
		{E5D53BFF-29D7-4BA9-9C21-5BEB4082DB97}.Debug|Any CPU.ActiveCfg = Debug|Any CPU
		{E5D53BFF-29D7-4BA9-9C21-5BEB4082DB97}.Debug|Any CPU.Build.0 = Debug|Any CPU
		{E5D53BFF-29D7-4BA9-9C21-5BEB4082DB97}.Release|Any CPU.ActiveCfg = Release|Any CPU
		{E5D53BFF-29D7-4BA9-9C21-5BEB4082DB97}.Release|Any CPU.Build.0 = Release|Any CPU
		{009A80F1-43EA-49AD-B184-27B0902B284A}.Debug|Any CPU.ActiveCfg = Debug
		{009A80F1-43EA-49AD-B184-27B0902B284A}.Release|Any CPU.ActiveCfg = Release
		{40CAD3CB-B710-40ED-82D4-7ACC6D8447A4}.Debug|Any CPU.ActiveCfg = Debug|Any CPU
		{40CAD3CB-B710-40ED-82D4-7ACC6D8447A4}.Debug|Any CPU.Build.0 = Debug|Any CPU
		{40CAD3CB-B710-40ED-82D4-7ACC6D8447A4}.Release|Any CPU.ActiveCfg = Release|Any CPU
		{40CAD3CB-B710-40ED-82D4-7ACC6D8447A4}.Release|Any CPU.Build.0 = Release|Any CPU
		{BF22CD09-06D9-4A66-B4CF-193037C39C09}.Debug|Any CPU.ActiveCfg = Debug|Any CPU
		{BF22CD09-06D9-4A66-B4CF-193037C39C09}.Debug|Any CPU.Build.0 = Debug|Any CPU
		{BF22CD09-06D9-4A66-B4CF-193037C39C09}.Release|Any CPU.ActiveCfg = Release|Any CPU
		{BF22CD09-06D9-4A66-B4CF-193037C39C09}.Release|Any CPU.Build.0 = Release|Any CPU
		{EE556F61-3BF8-4F59-80BE-A396A70A76A1}.Debug|Any CPU.ActiveCfg = Debug|Any CPU
		{EE556F61-3BF8-4F59-80BE-A396A70A76A1}.Debug|Any CPU.Build.0 = Debug|Any CPU
		{EE556F61-3BF8-4F59-80BE-A396A70A76A1}.Release|Any CPU.ActiveCfg = Release|Any CPU
		{EE556F61-3BF8-4F59-80BE-A396A70A76A1}.Release|Any CPU.Build.0 = Release|Any CPU
		{448CCC78-9DD1-4F7F-8DDE-A6590A2A9063}.Debug|Any CPU.ActiveCfg = Debug|Any CPU
		{448CCC78-9DD1-4F7F-8DDE-A6590A2A9063}.Debug|Any CPU.Build.0 = Debug|Any CPU
		{448CCC78-9DD1-4F7F-8DDE-A6590A2A9063}.Release|Any CPU.ActiveCfg = Release|Any CPU
		{448CCC78-9DD1-4F7F-8DDE-A6590A2A9063}.Release|Any CPU.Build.0 = Release|Any CPU
	EndGlobalSection
	GlobalSection(SolutionProperties) = preSolution
		HideSolutionNode = FALSE
	EndGlobalSection
	GlobalSection(NestedProjects) = preSolution
		{B9A06F2B-FA95-46ED-930F-F4EE5DDD6BD4} = {66529F01-DE11-4E7B-9F4E-DE7C70FCD504}
		{BBF6662B-F141-440D-8AF9-67822AC90D82} = {BA24059A-0B2E-4C9D-907A-717225AFF7A3}
		{0BAAE149-0939-40F2-A398-0FCED0DF83F4} = {BA24059A-0B2E-4C9D-907A-717225AFF7A3}
		{370FB8E2-E704-47BB-8FC9-5FF1AA1478DE} = {8CF0D327-AB3B-45F6-BA20-0C64F9D2957C}
		{3463C691-02C0-4E6E-98C1-196CC4CA0184} = {8CF0D327-AB3B-45F6-BA20-0C64F9D2957C}
		{9C0CF876-4D34-47F0-9452-37743ABD259D} = {8CF0D327-AB3B-45F6-BA20-0C64F9D2957C}
		{327E8F69-6432-41EA-88A3-912115DEDD6A} = {8CF0D327-AB3B-45F6-BA20-0C64F9D2957C}
		{BD1F8209-E0EB-45D2-AD32-E2C21A3D37CE} = {8CF0D327-AB3B-45F6-BA20-0C64F9D2957C}
		{B8C32F55-6309-4AAF-8CD9-3DBC5D2CAAE5} = {73C64FED-3399-43BC-98FE-36BEA72FF31D}
		{DA586FF5-AC28-4DF2-95EE-5C5D6E767CE5} = {A9D3740F-5DF9-4591-A5A8-E1C19682C11C}
		{2E0900C9-E2C4-47BD-B8EF-FB04A78F730D} = {9CBA0AE9-85EF-4F8C-A769-2D216E66E596}
		{B3D1A108-C413-43DC-89D6-2D30E1C6C522} = {51A6AF1D-0B82-4C41-BC9B-28784A73815C}
		{32ED3C43-8A9F-4759-BE6A-93ED11884D20} = {51A6AF1D-0B82-4C41-BC9B-28784A73815C}
		{7D6636D4-8C07-4F6F-8908-47176C579238} = {51A6AF1D-0B82-4C41-BC9B-28784A73815C}
		{7608D69B-62ED-4C3E-B149-D50484D5278F} = {51A6AF1D-0B82-4C41-BC9B-28784A73815C}
		{40803F4D-0F20-4F40-B4B2-57A2CD9C1739} = {51A6AF1D-0B82-4C41-BC9B-28784A73815C}
		{36DD0AB7-79D1-4695-839F-3EBC999AA463} = {51A6AF1D-0B82-4C41-BC9B-28784A73815C}
		{2C87BFBE-8745-48C4-BD65-71E6FA37D45A} = {51A6AF1D-0B82-4C41-BC9B-28784A73815C}
		{9954368C-4C1E-4C21-AE56-A28905315A2E} = {51A6AF1D-0B82-4C41-BC9B-28784A73815C}
		{E5D53BFF-29D7-4BA9-9C21-5BEB4082DB97} = {51A6AF1D-0B82-4C41-BC9B-28784A73815C}
		{BF22CD09-06D9-4A66-B4CF-193037C39C09} = {51A6AF1D-0B82-4C41-BC9B-28784A73815C}
		{EE556F61-3BF8-4F59-80BE-A396A70A76A1} = {51A6AF1D-0B82-4C41-BC9B-28784A73815C}
		{448CCC78-9DD1-4F7F-8DDE-A6590A2A9063} = {51A6AF1D-0B82-4C41-BC9B-28784A73815C}
		{009A80F1-43EA-49AD-B184-27B0902B284A} = {F3B8E485-5EF7-4972-AECD-018A1A29A833}
		{40CAD3CB-B710-40ED-82D4-7ACC6D8447A4} = {F3B8E485-5EF7-4972-AECD-018A1A29A833}
	EndGlobalSection
EndGlobal
