
Microsoft Visual Studio Solution File, Format Version 10.00
# Visual Studio 2008
Project("{FAE04EC0-301F-11D3-BF4B-00C04F79EFBC}") = "proizvod", "proizvod\proizvod.csproj", "{40803F4D-0F20-4F40-B4B2-57A2CD9C1739}"
EndProject
Global
	GlobalSection(SolutionConfigurationPlatforms) = preSolution
		Debug|Any CPU = Debug|Any CPU
		Release|Any CPU = Release|Any CPU
	EndGlobalSection
	GlobalSection(ProjectConfigurationPlatforms) = postSolution
		{40803F4D-0F20-4F40-B4B2-57A2CD9C1739}.Debug|Any CPU.ActiveCfg = Debug|Any CPU
		{40803F4D-0F20-4F40-B4B2-57A2CD9C1739}.Debug|Any CPU.Build.0 = Debug|Any CPU
		{40803F4D-0F20-4F40-B4B2-57A2CD9C1739}.Release|Any CPU.ActiveCfg = Release|Any CPU
		{40803F4D-0F20-4F40-B4B2-57A2CD9C1739}.Release|Any CPU.Build.0 = Release|Any CPU
	EndGlobalSection
	GlobalSection(SolutionProperties) = preSolution
		HideSolutionNode = FALSE
	EndGlobalSection
EndGlobal
