
Microsoft Visual Studio Solution File, Format Version 10.00
# Visual Studio 2008
Project("{FAE04EC0-301F-11D3-BF4B-00C04F79EFBC}") = "rez_sila", "rez_sila\rez_sila.csproj", "{E5D53BFF-29D7-4BA9-9C21-5BEB4082DB97}"
EndProject
Global
	GlobalSection(SolutionConfigurationPlatforms) = preSolution
		Debug|Any CPU = Debug|Any CPU
		Release|Any CPU = Release|Any CPU
	EndGlobalSection
	GlobalSection(ProjectConfigurationPlatforms) = postSolution
		{E5D53BFF-29D7-4BA9-9C21-5BEB4082DB97}.Debug|Any CPU.ActiveCfg = Debug|Any CPU
		{E5D53BFF-29D7-4BA9-9C21-5BEB4082DB97}.Debug|Any CPU.Build.0 = Debug|Any CPU
		{E5D53BFF-29D7-4BA9-9C21-5BEB4082DB97}.Release|Any CPU.ActiveCfg = Release|Any CPU
		{E5D53BFF-29D7-4BA9-9C21-5BEB4082DB97}.Release|Any CPU.Build.0 = Release|Any CPU
	EndGlobalSection
	GlobalSection(SolutionProperties) = preSolution
		HideSolutionNode = FALSE
	EndGlobalSection
EndGlobal
